
Microsoft Visual Studio Solution File, Format Version 12.00
# Visual Studio Version 17
VisualStudioVersion = 17.0.31903.59
MinimumVisualStudioVersion = 10.0.40219.1
Project("{FAE04EC0-301F-11D3-BF4B-00C04F79EFBC}") = "Clip.Analyzers.Tests", "Clip.Analyzers.Tests\Clip.Analyzers.Tests.csproj", "{43804335-7342-4FE0-9415-66BB82A4E14B}"
EndProject
Project("{FAE04EC0-301F-11D3-BF4B-00C04F79EFBC}") = "Clip.Analyzers", "Clip.Analyzers\Clip.Analyzers.csproj", "{E31736D3-A57E-4D85-B5AB-F439D3C38DF5}"
EndProject
Project("{FAE04EC0-301F-11D3-BF4B-00C04F79EFBC}") = "Clip.Benchmarks", "Clip.Benchmarks\Clip.Benchmarks.csproj", "{5CC503A5-B02C-42B6-AEFA-B0BED19F4C61}"
EndProject
Project("{FAE04EC0-301F-11D3-BF4B-00C04F79EFBC}") = "Clip.ComparisonDemo", "Clip.ComparisonDemo\Clip.ComparisonDemo.csproj", "{D877B748-DD76-44E9-8825-D745FB2DAFB5}"
EndProject
Project("{FAE04EC0-301F-11D3-BF4B-00C04F79EFBC}") = "Clip.Demo", "Clip.Demo\Clip.Demo.csproj", "{071D7AE5-B7FF-4D5C-9121-B53E26867245}"
EndProject
Project("{FAE04EC0-301F-11D3-BF4B-00C04F79EFBC}") = "Clip.Extensions.Logging.Tests", "Clip.Extensions.Logging.Tests\Clip.Extensions.Logging.Tests.csproj", "{782A9185-22F5-4A8C-AA35-8E5823459ED6}"
EndProject
Project("{FAE04EC0-301F-11D3-BF4B-00C04F79EFBC}") = "Clip.Extensions.Logging", "Clip.Extensions.Logging\Clip.Extensions.Logging.csproj", "{0D34FD6C-A39E-4230-BBFC-8A5F09BC4340}"
EndProject
Project("{FAE04EC0-301F-11D3-BF4B-00C04F79EFBC}") = "Clip.OpenTelemetry.Tests", "Clip.OpenTelemetry.Tests\Clip.OpenTelemetry.Tests.csproj", "{EEC18BC5-2E78-44D4-8CE1-9F0C2B69B263}"
EndProject
Project("{FAE04EC0-301F-11D3-BF4B-00C04F79EFBC}") = "Clip.OpenTelemetry", "Clip.OpenTelemetry\Clip.OpenTelemetry.csproj", "{F21A3201-1AEB-45B2-9A54-54508532D9E3}"
EndProject
Project("{FAE04EC0-301F-11D3-BF4B-00C04F79EFBC}") = "Clip.Tests", "Clip.Tests\Clip.Tests.csproj", "{4C8239B7-1933-41E2-87B8-5401D8C34DE6}"
EndProject
Project("{FAE04EC0-301F-11D3-BF4B-00C04F79EFBC}") = "Clip", "Clip\Clip.csproj", "{0E25720F-6219-4BDB-9B88-0050BD494A54}"
EndProject
Global
	GlobalSection(SolutionConfigurationPlatforms) = preSolution
		Debug|Any CPU = Debug|Any CPU
		Debug|x64 = Debug|x64
		Debug|x86 = Debug|x86
		Release|Any CPU = Release|Any CPU
		Release|x64 = Release|x64
		Release|x86 = Release|x86
	EndGlobalSection
	GlobalSection(ProjectConfigurationPlatforms) = postSolution
		{43804335-7342-4FE0-9415-66BB82A4E14B}.Debug|Any CPU.ActiveCfg = Debug|Any CPU
		{43804335-7342-4FE0-9415-66BB82A4E14B}.Debug|Any CPU.Build.0 = Debug|Any CPU
		{43804335-7342-4FE0-9415-66BB82A4E14B}.Debug|x64.ActiveCfg = Debug|Any CPU
		{43804335-7342-4FE0-9415-66BB82A4E14B}.Debug|x64.Build.0 = Debug|Any CPU
		{43804335-7342-4FE0-9415-66BB82A4E14B}.Debug|x86.ActiveCfg = Debug|Any CPU
		{43804335-7342-4FE0-9415-66BB82A4E14B}.Debug|x86.Build.0 = Debug|Any CPU
		{43804335-7342-4FE0-9415-66BB82A4E14B}.Release|Any CPU.ActiveCfg = Release|Any CPU
		{43804335-7342-4FE0-9415-66BB82A4E14B}.Release|Any CPU.Build.0 = Release|Any CPU
		{43804335-7342-4FE0-9415-66BB82A4E14B}.Release|x64.ActiveCfg = Release|Any CPU
		{43804335-7342-4FE0-9415-66BB82A4E14B}.Release|x64.Build.0 = Release|Any CPU
		{43804335-7342-4FE0-9415-66BB82A4E14B}.Release|x86.ActiveCfg = Release|Any CPU
		{43804335-7342-4FE0-9415-66BB82A4E14B}.Release|x86.Build.0 = Release|Any CPU
		{E31736D3-A57E-4D85-B5AB-F439D3C38DF5}.Debug|Any CPU.ActiveCfg = Debug|Any CPU
		{E31736D3-A57E-4D85-B5AB-F439D3C38DF5}.Debug|Any CPU.Build.0 = Debug|Any CPU
		{E31736D3-A57E-4D85-B5AB-F439D3C38DF5}.Debug|x64.ActiveCfg = Debug|Any CPU
		{E31736D3-A57E-4D85-B5AB-F439D3C38DF5}.Debug|x64.Build.0 = Debug|Any CPU
		{E31736D3-A57E-4D85-B5AB-F439D3C38DF5}.Debug|x86.ActiveCfg = Debug|Any CPU
		{E31736D3-A57E-4D85-B5AB-F439D3C38DF5}.Debug|x86.Build.0 = Debug|Any CPU
		{E31736D3-A57E-4D85-B5AB-F439D3C38DF5}.Release|Any CPU.ActiveCfg = Release|Any CPU
		{E31736D3-A57E-4D85-B5AB-F439D3C38DF5}.Release|Any CPU.Build.0 = Release|Any CPU
		{E31736D3-A57E-4D85-B5AB-F439D3C38DF5}.Release|x64.ActiveCfg = Release|Any CPU
		{E31736D3-A57E-4D85-B5AB-F439D3C38DF5}.Release|x64.Build.0 = Release|Any CPU
		{E31736D3-A57E-4D85-B5AB-F439D3C38DF5}.Release|x86.ActiveCfg = Release|Any CPU
		{E31736D3-A57E-4D85-B5AB-F439D3C38DF5}.Release|x86.Build.0 = Release|Any CPU
		{5CC503A5-B02C-42B6-AEFA-B0BED19F4C61}.Debug|Any CPU.ActiveCfg = Debug|Any CPU
		{5CC503A5-B02C-42B6-AEFA-B0BED19F4C61}.Debug|Any CPU.Build.0 = Debug|Any CPU
		{5CC503A5-B02C-42B6-AEFA-B0BED19F4C61}.Debug|x64.ActiveCfg = Debug|Any CPU
		{5CC503A5-B02C-42B6-AEFA-B0BED19F4C61}.Debug|x64.Build.0 = Debug|Any CPU
		{5CC503A5-B02C-42B6-AEFA-B0BED19F4C61}.Debug|x86.ActiveCfg = Debug|Any CPU
		{5CC503A5-B02C-42B6-AEFA-B0BED19F4C61}.Debug|x86.Build.0 = Debug|Any CPU
		{5CC503A5-B02C-42B6-AEFA-B0BED19F4C61}.Release|Any CPU.ActiveCfg = Release|Any CPU
		{5CC503A5-B02C-42B6-AEFA-B0BED19F4C61}.Release|Any CPU.Build.0 = Release|Any CPU
		{5CC503A5-B02C-42B6-AEFA-B0BED19F4C61}.Release|x64.ActiveCfg = Release|Any CPU
		{5CC503A5-B02C-42B6-AEFA-B0BED19F4C61}.Release|x64.Build.0 = Release|Any CPU
		{5CC503A5-B02C-42B6-AEFA-B0BED19F4C61}.Release|x86.ActiveCfg = Release|Any CPU
		{5CC503A5-B02C-42B6-AEFA-B0BED19F4C61}.Release|x86.Build.0 = Release|Any CPU
		{D877B748-DD76-44E9-8825-D745FB2DAFB5}.Debug|Any CPU.ActiveCfg = Debug|Any CPU
		{D877B748-DD76-44E9-8825-D745FB2DAFB5}.Debug|Any CPU.Build.0 = Debug|Any CPU
		{D877B748-DD76-44E9-8825-D745FB2DAFB5}.Debug|x64.ActiveCfg = Debug|Any CPU
		{D877B748-DD76-44E9-8825-D745FB2DAFB5}.Debug|x64.Build.0 = Debug|Any CPU
		{D877B748-DD76-44E9-8825-D745FB2DAFB5}.Debug|x86.ActiveCfg = Debug|Any CPU
		{D877B748-DD76-44E9-8825-D745FB2DAFB5}.Debug|x86.Build.0 = Debug|Any CPU
		{D877B748-DD76-44E9-8825-D745FB2DAFB5}.Release|Any CPU.ActiveCfg = Release|Any CPU
		{D877B748-DD76-44E9-8825-D745FB2DAFB5}.Release|Any CPU.Build.0 = Release|Any CPU
		{D877B748-DD76-44E9-8825-D745FB2DAFB5}.Release|x64.ActiveCfg = Release|Any CPU
		{D877B748-DD76-44E9-8825-D745FB2DAFB5}.Release|x64.Build.0 = Release|Any CPU
		{D877B748-DD76-44E9-8825-D745FB2DAFB5}.Release|x86.ActiveCfg = Release|Any CPU
		{D877B748-DD76-44E9-8825-D745FB2DAFB5}.Release|x86.Build.0 = Release|Any CPU
		{071D7AE5-B7FF-4D5C-9121-B53E26867245}.Debug|Any CPU.ActiveCfg = Debug|Any CPU
		{071D7AE5-B7FF-4D5C-9121-B53E26867245}.Debug|Any CPU.Build.0 = Debug|Any CPU
		{071D7AE5-B7FF-4D5C-9121-B53E26867245}.Debug|x64.ActiveCfg = Debug|Any CPU
		{071D7AE5-B7FF-4D5C-9121-B53E26867245}.Debug|x64.Build.0 = Debug|Any CPU
		{071D7AE5-B7FF-4D5C-9121-B53E26867245}.Debug|x86.ActiveCfg = Debug|Any CPU
		{071D7AE5-B7FF-4D5C-9121-B53E26867245}.Debug|x86.Build.0 = Debug|Any CPU
		{071D7AE5-B7FF-4D5C-9121-B53E26867245}.Release|Any CPU.ActiveCfg = Release|Any CPU
		{071D7AE5-B7FF-4D5C-9121-B53E26867245}.Release|Any CPU.Build.0 = Release|Any CPU
		{071D7AE5-B7FF-4D5C-9121-B53E26867245}.Release|x64.ActiveCfg = Release|Any CPU
		{071D7AE5-B7FF-4D5C-9121-B53E26867245}.Release|x64.Build.0 = Release|Any CPU
		{071D7AE5-B7FF-4D5C-9121-B53E26867245}.Release|x86.ActiveCfg = Release|Any CPU
		{071D7AE5-B7FF-4D5C-9121-B53E26867245}.Release|x86.Build.0 = Release|Any CPU
		{782A9185-22F5-4A8C-AA35-8E5823459ED6}.Debug|Any CPU.ActiveCfg = Debug|Any CPU
		{782A9185-22F5-4A8C-AA35-8E5823459ED6}.Debug|Any CPU.Build.0 = Debug|Any CPU
		{782A9185-22F5-4A8C-AA35-8E5823459ED6}.Debug|x64.ActiveCfg = Debug|Any CPU
		{782A9185-22F5-4A8C-AA35-8E5823459ED6}.Debug|x64.Build.0 = Debug|Any CPU
		{782A9185-22F5-4A8C-AA35-8E5823459ED6}.Debug|x86.ActiveCfg = Debug|Any CPU
		{782A9185-22F5-4A8C-AA35-8E5823459ED6}.Debug|x86.Build.0 = Debug|Any CPU
		{782A9185-22F5-4A8C-AA35-8E5823459ED6}.Release|Any CPU.ActiveCfg = Release|Any CPU
		{782A9185-22F5-4A8C-AA35-8E5823459ED6}.Release|Any CPU.Build.0 = Release|Any CPU
		{782A9185-22F5-4A8C-AA35-8E5823459ED6}.Release|x64.ActiveCfg = Release|Any CPU
		{782A9185-22F5-4A8C-AA35-8E5823459ED6}.Release|x64.Build.0 = Release|Any CPU
		{782A9185-22F5-4A8C-AA35-8E5823459ED6}.Release|x86.ActiveCfg = Release|Any CPU
		{782A9185-22F5-4A8C-AA35-8E5823459ED6}.Release|x86.Build.0 = Release|Any CPU
		{0D34FD6C-A39E-4230-BBFC-8A5F09BC4340}.Debug|Any CPU.ActiveCfg = Debug|Any CPU
		{0D34FD6C-A39E-4230-BBFC-8A5F09BC4340}.Debug|Any CPU.Build.0 = Debug|Any CPU
		{0D34FD6C-A39E-4230-BBFC-8A5F09BC4340}.Debug|x64.ActiveCfg = Debug|Any CPU
		{0D34FD6C-A39E-4230-BBFC-8A5F09BC4340}.Debug|x64.Build.0 = Debug|Any CPU
		{0D34FD6C-A39E-4230-BBFC-8A5F09BC4340}.Debug|x86.ActiveCfg = Debug|Any CPU
		{0D34FD6C-A39E-4230-BBFC-8A5F09BC4340}.Debug|x86.Build.0 = Debug|Any CPU
		{0D34FD6C-A39E-4230-BBFC-8A5F09BC4340}.Release|Any CPU.ActiveCfg = Release|Any CPU
		{0D34FD6C-A39E-4230-BBFC-8A5F09BC4340}.Release|Any CPU.Build.0 = Release|Any CPU
		{0D34FD6C-A39E-4230-BBFC-8A5F09BC4340}.Release|x64.ActiveCfg = Release|Any CPU
		{0D34FD6C-A39E-4230-BBFC-8A5F09BC4340}.Release|x64.Build.0 = Release|Any CPU
		{0D34FD6C-A39E-4230-BBFC-8A5F09BC4340}.Release|x86.ActiveCfg = Release|Any CPU
		{0D34FD6C-A39E-4230-BBFC-8A5F09BC4340}.Release|x86.Build.0 = Release|Any CPU
		{EEC18BC5-2E78-44D4-8CE1-9F0C2B69B263}.Debug|Any CPU.ActiveCfg = Debug|Any CPU
		{EEC18BC5-2E78-44D4-8CE1-9F0C2B69B263}.Debug|Any CPU.Build.0 = Debug|Any CPU
		{EEC18BC5-2E78-44D4-8CE1-9F0C2B69B263}.Debug|x64.ActiveCfg = Debug|Any CPU
		{EEC18BC5-2E78-44D4-8CE1-9F0C2B69B263}.Debug|x64.Build.0 = Debug|Any CPU
		{EEC18BC5-2E78-44D4-8CE1-9F0C2B69B263}.Debug|x86.ActiveCfg = Debug|Any CPU
		{EEC18BC5-2E78-44D4-8CE1-9F0C2B69B263}.Debug|x86.Build.0 = Debug|Any CPU
		{EEC18BC5-2E78-44D4-8CE1-9F0C2B69B263}.Release|Any CPU.ActiveCfg = Release|Any CPU
		{EEC18BC5-2E78-44D4-8CE1-9F0C2B69B263}.Release|Any CPU.Build.0 = Release|Any CPU
		{EEC18BC5-2E78-44D4-8CE1-9F0C2B69B263}.Release|x64.ActiveCfg = Release|Any CPU
		{EEC18BC5-2E78-44D4-8CE1-9F0C2B69B263}.Release|x64.Build.0 = Release|Any CPU
		{EEC18BC5-2E78-44D4-8CE1-9F0C2B69B263}.Release|x86.ActiveCfg = Release|Any CPU
		{EEC18BC5-2E78-44D4-8CE1-9F0C2B69B263}.Release|x86.Build.0 = Release|Any CPU
		{F21A3201-1AEB-45B2-9A54-54508532D9E3}.Debug|Any CPU.ActiveCfg = Debug|Any CPU
		{F21A3201-1AEB-45B2-9A54-54508532D9E3}.Debug|Any CPU.Build.0 = Debug|Any CPU
		{F21A3201-1AEB-45B2-9A54-54508532D9E3}.Debug|x64.ActiveCfg = Debug|Any CPU
		{F21A3201-1AEB-45B2-9A54-54508532D9E3}.Debug|x64.Build.0 = Debug|Any CPU
		{F21A3201-1AEB-45B2-9A54-54508532D9E3}.Debug|x86.ActiveCfg = Debug|Any CPU
		{F21A3201-1AEB-45B2-9A54-54508532D9E3}.Debug|x86.Build.0 = Debug|Any CPU
		{F21A3201-1AEB-45B2-9A54-54508532D9E3}.Release|Any CPU.ActiveCfg = Release|Any CPU
		{F21A3201-1AEB-45B2-9A54-54508532D9E3}.Release|Any CPU.Build.0 = Release|Any CPU
		{F21A3201-1AEB-45B2-9A54-54508532D9E3}.Release|x64.ActiveCfg = Release|Any CPU
		{F21A3201-1AEB-45B2-9A54-54508532D9E3}.Release|x64.Build.0 = Release|Any CPU
		{F21A3201-1AEB-45B2-9A54-54508532D9E3}.Release|x86.ActiveCfg = Release|Any CPU
		{F21A3201-1AEB-45B2-9A54-54508532D9E3}.Release|x86.Build.0 = Release|Any CPU
		{4C8239B7-1933-41E2-87B8-5401D8C34DE6}.Debug|Any CPU.ActiveCfg = Debug|Any CPU
		{4C8239B7-1933-41E2-87B8-5401D8C34DE6}.Debug|Any CPU.Build.0 = Debug|Any CPU
		{4C8239B7-1933-41E2-87B8-5401D8C34DE6}.Debug|x64.ActiveCfg = Debug|Any CPU
		{4C8239B7-1933-41E2-87B8-5401D8C34DE6}.Debug|x64.Build.0 = Debug|Any CPU
		{4C8239B7-1933-41E2-87B8-5401D8C34DE6}.Debug|x86.ActiveCfg = Debug|Any CPU
		{4C8239B7-1933-41E2-87B8-5401D8C34DE6}.Debug|x86.Build.0 = Debug|Any CPU
		{4C8239B7-1933-41E2-87B8-5401D8C34DE6}.Release|Any CPU.ActiveCfg = Release|Any CPU
		{4C8239B7-1933-41E2-87B8-5401D8C34DE6}.Release|Any CPU.Build.0 = Release|Any CPU
		{4C8239B7-1933-41E2-87B8-5401D8C34DE6}.Release|x64.ActiveCfg = Release|Any CPU
		{4C8239B7-1933-41E2-87B8-5401D8C34DE6}.Release|x64.Build.0 = Release|Any CPU
		{4C8239B7-1933-41E2-87B8-5401D8C34DE6}.Release|x86.ActiveCfg = Release|Any CPU
		{4C8239B7-1933-41E2-87B8-5401D8C34DE6}.Release|x86.Build.0 = Release|Any CPU
		{0E25720F-6219-4BDB-9B88-0050BD494A54}.Debug|Any CPU.ActiveCfg = Debug|Any CPU
		{0E25720F-6219-4BDB-9B88-0050BD494A54}.Debug|Any CPU.Build.0 = Debug|Any CPU
		{0E25720F-6219-4BDB-9B88-0050BD494A54}.Debug|x64.ActiveCfg = Debug|Any CPU
		{0E25720F-6219-4BDB-9B88-0050BD494A54}.Debug|x64.Build.0 = Debug|Any CPU
		{0E25720F-6219-4BDB-9B88-0050BD494A54}.Debug|x86.ActiveCfg = Debug|Any CPU
		{0E25720F-6219-4BDB-9B88-0050BD494A54}.Debug|x86.Build.0 = Debug|Any CPU
		{0E25720F-6219-4BDB-9B88-0050BD494A54}.Release|Any CPU.ActiveCfg = Release|Any CPU
		{0E25720F-6219-4BDB-9B88-0050BD494A54}.Release|Any CPU.Build.0 = Release|Any CPU
		{0E25720F-6219-4BDB-9B88-0050BD494A54}.Release|x64.ActiveCfg = Release|Any CPU
		{0E25720F-6219-4BDB-9B88-0050BD494A54}.Release|x64.Build.0 = Release|Any CPU
		{0E25720F-6219-4BDB-9B88-0050BD494A54}.Release|x86.ActiveCfg = Release|Any CPU
		{0E25720F-6219-4BDB-9B88-0050BD494A54}.Release|x86.Build.0 = Release|Any CPU
	EndGlobalSection
	GlobalSection(SolutionProperties) = preSolution
		HideSolutionNode = FALSE
	EndGlobalSection
EndGlobal
